
Microsoft Visual Studio Solution File, Format Version 12.00
# Visual Studio Version 17
VisualStudioVersion = 17.4.33205.214
MinimumVisualStudioVersion = 10.0.40219.1
Project("{9A19103F-16F7-4668-BE54-9A1E7A4F7556}") = "WebMVC", "WebMVC.csproj", "{2560B86D-08FE-45A2-BC0F-37E760D0FC9D}"
EndProject
Global
	GlobalSection(SolutionConfigurationPlatforms) = preSolution
		Debug|Any CPU = Debug|Any CPU
		Release|Any CPU = Release|Any CPU
	EndGlobalSection
	GlobalSection(ProjectConfigurationPlatforms) = postSolution
		{2560B86D-08FE-45A2-BC0F-37E760D0FC9D}.Debug|Any CPU.ActiveCfg = Debug|Any CPU
		{2560B86D-08FE-45A2-BC0F-37E760D0FC9D}.Debug|Any CPU.Build.0 = Debug|Any CPU
		{2560B86D-08FE-45A2-BC0F-37E760D0FC9D}.Release|Any CPU.ActiveCfg = Release|Any CPU
		{2560B86D-08FE-45A2-BC0F-37E760D0FC9D}.Release|Any CPU.Build.0 = Release|Any CPU
	EndGlobalSection
	GlobalSection(SolutionProperties) = preSolution
		HideSolutionNode = FALSE
	EndGlobalSection
	GlobalSection(ExtensibilityGlobals) = postSolution
		SolutionGuid = {E034C619-8586-4081-AE4E-EF3E6705E13B}
	EndGlobalSection
EndGlobal
